
Microsoft Visual Studio Solution File, Format Version 12.00
# Visual Studio Version 17
VisualStudioVersion = 17.9.34622.214
MinimumVisualStudioVersion = 10.0.40219.1
Project("{9A19103F-16F7-4668-BE54-9A1E7A4F7556}") = "Mega-Market-Data", "Mega-Market-Data\Mega-Market-Data.csproj", "{7CD4CE53-4EF7-41D3-BB53-A8271BBA6F34}"
EndProject
Project("{9A19103F-16F7-4668-BE54-9A1E7A4F7556}") = "Mega-Market-Admin", "Mega-Market-Admin\Mega-Market-Admin.csproj", "{B550D514-27B9-44B9-A216-652897ABE52B}"
EndProject
Project("{FAE04EC0-301F-11D3-BF4B-00C04F79EFBC}") = "Mega-Market-App", "Mega-Market-App\Mega-Market-App.csproj", "{67C8E71A-6C29-4EF0-A7D3-D67FEDB6A75A}"
EndProject
Global
	GlobalSection(SolutionConfigurationPlatforms) = preSolution
		Debug|Any CPU = Debug|Any CPU
		Release|Any CPU = Release|Any CPU
	EndGlobalSection
	GlobalSection(ProjectConfigurationPlatforms) = postSolution
		{7CD4CE53-4EF7-41D3-BB53-A8271BBA6F34}.Debug|Any CPU.ActiveCfg = Debug|Any CPU
		{7CD4CE53-4EF7-41D3-BB53-A8271BBA6F34}.Debug|Any CPU.Build.0 = Debug|Any CPU
		{7CD4CE53-4EF7-41D3-BB53-A8271BBA6F34}.Release|Any CPU.ActiveCfg = Release|Any CPU
		{7CD4CE53-4EF7-41D3-BB53-A8271BBA6F34}.Release|Any CPU.Build.0 = Release|Any CPU
		{B550D514-27B9-44B9-A216-652897ABE52B}.Debug|Any CPU.ActiveCfg = Debug|Any CPU
		{B550D514-27B9-44B9-A216-652897ABE52B}.Debug|Any CPU.Build.0 = Debug|Any CPU
		{B550D514-27B9-44B9-A216-652897ABE52B}.Release|Any CPU.ActiveCfg = Release|Any CPU
		{B550D514-27B9-44B9-A216-652897ABE52B}.Release|Any CPU.Build.0 = Release|Any CPU
		{67C8E71A-6C29-4EF0-A7D3-D67FEDB6A75A}.Debug|Any CPU.ActiveCfg = Debug|Any CPU
		{67C8E71A-6C29-4EF0-A7D3-D67FEDB6A75A}.Debug|Any CPU.Build.0 = Debug|Any CPU
		{67C8E71A-6C29-4EF0-A7D3-D67FEDB6A75A}.Release|Any CPU.ActiveCfg = Release|Any CPU
		{67C8E71A-6C29-4EF0-A7D3-D67FEDB6A75A}.Release|Any CPU.Build.0 = Release|Any CPU
	EndGlobalSection
	GlobalSection(SolutionProperties) = preSolution
		HideSolutionNode = FALSE
	EndGlobalSection
	GlobalSection(ExtensibilityGlobals) = postSolution
		SolutionGuid = {F834C8A0-35D6-4F5C-AE1D-B8E8C4594465}
	EndGlobalSection
EndGlobal
